
Microsoft Visual Studio Solution File, Format Version 12.00
# Visual Studio Version 17
VisualStudioVersion = 17.1.32319.34
MinimumVisualStudioVersion = 10.0.40219.1
Project("{FAE04EC0-301F-11D3-BF4B-00C04F79EFBC}") = "RoommatesMVC", "RoommatesMVC\RoommatesMVC.csproj", "{9AE947F5-B326-45F7-B304-BCD7D7733BD0}"
EndProject
Global
	GlobalSection(SolutionConfigurationPlatforms) = preSolution
		Debug|Any CPU = Debug|Any CPU
		Release|Any CPU = Release|Any CPU
	EndGlobalSection
	GlobalSection(ProjectConfigurationPlatforms) = postSolution
		{9AE947F5-B326-45F7-B304-BCD7D7733BD0}.Debug|Any CPU.ActiveCfg = Debug|Any CPU
		{9AE947F5-B326-45F7-B304-BCD7D7733BD0}.Debug|Any CPU.Build.0 = Debug|Any CPU
		{9AE947F5-B326-45F7-B304-BCD7D7733BD0}.Release|Any CPU.ActiveCfg = Release|Any CPU
		{9AE947F5-B326-45F7-B304-BCD7D7733BD0}.Release|Any CPU.Build.0 = Release|Any CPU
	EndGlobalSection
	GlobalSection(SolutionProperties) = preSolution
		HideSolutionNode = FALSE
	EndGlobalSection
	GlobalSection(ExtensibilityGlobals) = postSolution
		SolutionGuid = {257D4C3D-951C-4D29-AF5A-4EB6E284F550}
	EndGlobalSection
EndGlobal
